
Microsoft Visual Studio Solution File, Format Version 12.00
# Visual Studio Version 17
VisualStudioVersion = 17.9.34607.119
MinimumVisualStudioVersion = 10.0.40219.1
Project("{9A19103F-16F7-4668-BE54-9A1E7A4F7556}") = "ERP-InsightWise.API", "ERP-InsightWise.API\ERP-InsightWise.API.csproj", "{7DB5A40F-F7E9-4C8B-91DB-27796B7C7272}"
EndProject
Project("{2150E333-8FDC-42A3-9474-1A3956D46DE8}") = "src", "src", "{C1052BF2-15AE-4716-8E33-EDC3224C5D8E}"
EndProject
Project("{2150E333-8FDC-42A3-9474-1A3956D46DE8}") = "test", "test", "{0B003F58-87B5-454B-96E3-6842B642CD71}"
EndProject
Project("{9A19103F-16F7-4668-BE54-9A1E7A4F7556}") = "ERP-InsightWise.Database", "ERP-InsightWise.Database\ERP-InsightWise.Database.csproj", "{86B298FC-166F-4EFF-B64A-88A027DB3998}"
EndProject
Project("{9A19103F-16F7-4668-BE54-9A1E7A4F7556}") = "ERP-InsightWise.Repository", "ERP-InsightWise.Repository\ERP-InsightWise.Repository.csproj", "{8B9B1298-6002-4BF2-B4E0-CCAE89AB3C1A}"
EndProject
Project("{9A19103F-16F7-4668-BE54-9A1E7A4F7556}") = "ERP-InsightWise.test", "TestProject1\ERP-InsightWise.test.csproj", "{59FD6C2D-C0F0-47A2-B72B-891F37EF38FF}"
EndProject
Project("{2150E333-8FDC-42A3-9474-1A3956D46DE8}") = "ml", "ml", "{6F183069-6F54-4874-B7A2-5CB859923C74}"
EndProject
Project("{9A19103F-16F7-4668-BE54-9A1E7A4F7556}") = "myMLApp", "myMLApp\myMLApp.csproj", "{44D21D6C-E371-4B4C-BD18-A09FBB75E576}"
EndProject
Project("{FAE04EC0-301F-11D3-BF4B-00C04F79EFBC}") = "ERP-InsightWise.Service", "ERP-InsightWise.Service\ERP-InsightWise.Service.csproj", "{B002DE0F-C624-44B4-A8A1-559CCB9169E5}"
EndProject
Global
	GlobalSection(SolutionConfigurationPlatforms) = preSolution
		Debug|Any CPU = Debug|Any CPU
		Release|Any CPU = Release|Any CPU
	EndGlobalSection
	GlobalSection(ProjectConfigurationPlatforms) = postSolution
		{7DB5A40F-F7E9-4C8B-91DB-27796B7C7272}.Debug|Any CPU.ActiveCfg = Debug|Any CPU
		{7DB5A40F-F7E9-4C8B-91DB-27796B7C7272}.Debug|Any CPU.Build.0 = Debug|Any CPU
		{7DB5A40F-F7E9-4C8B-91DB-27796B7C7272}.Release|Any CPU.ActiveCfg = Release|Any CPU
		{7DB5A40F-F7E9-4C8B-91DB-27796B7C7272}.Release|Any CPU.Build.0 = Release|Any CPU
		{86B298FC-166F-4EFF-B64A-88A027DB3998}.Debug|Any CPU.ActiveCfg = Debug|Any CPU
		{86B298FC-166F-4EFF-B64A-88A027DB3998}.Debug|Any CPU.Build.0 = Debug|Any CPU
		{86B298FC-166F-4EFF-B64A-88A027DB3998}.Release|Any CPU.ActiveCfg = Release|Any CPU
		{86B298FC-166F-4EFF-B64A-88A027DB3998}.Release|Any CPU.Build.0 = Release|Any CPU
		{8B9B1298-6002-4BF2-B4E0-CCAE89AB3C1A}.Debug|Any CPU.ActiveCfg = Debug|Any CPU
		{8B9B1298-6002-4BF2-B4E0-CCAE89AB3C1A}.Debug|Any CPU.Build.0 = Debug|Any CPU
		{8B9B1298-6002-4BF2-B4E0-CCAE89AB3C1A}.Release|Any CPU.ActiveCfg = Release|Any CPU
		{8B9B1298-6002-4BF2-B4E0-CCAE89AB3C1A}.Release|Any CPU.Build.0 = Release|Any CPU
		{59FD6C2D-C0F0-47A2-B72B-891F37EF38FF}.Debug|Any CPU.ActiveCfg = Debug|Any CPU
		{59FD6C2D-C0F0-47A2-B72B-891F37EF38FF}.Debug|Any CPU.Build.0 = Debug|Any CPU
		{59FD6C2D-C0F0-47A2-B72B-891F37EF38FF}.Release|Any CPU.ActiveCfg = Release|Any CPU
		{59FD6C2D-C0F0-47A2-B72B-891F37EF38FF}.Release|Any CPU.Build.0 = Release|Any CPU
		{44D21D6C-E371-4B4C-BD18-A09FBB75E576}.Debug|Any CPU.ActiveCfg = Debug|Any CPU
		{44D21D6C-E371-4B4C-BD18-A09FBB75E576}.Debug|Any CPU.Build.0 = Debug|Any CPU
		{44D21D6C-E371-4B4C-BD18-A09FBB75E576}.Release|Any CPU.ActiveCfg = Release|Any CPU
		{44D21D6C-E371-4B4C-BD18-A09FBB75E576}.Release|Any CPU.Build.0 = Release|Any CPU
		{B002DE0F-C624-44B4-A8A1-559CCB9169E5}.Debug|Any CPU.ActiveCfg = Debug|Any CPU
		{B002DE0F-C624-44B4-A8A1-559CCB9169E5}.Debug|Any CPU.Build.0 = Debug|Any CPU
		{B002DE0F-C624-44B4-A8A1-559CCB9169E5}.Release|Any CPU.ActiveCfg = Release|Any CPU
		{B002DE0F-C624-44B4-A8A1-559CCB9169E5}.Release|Any CPU.Build.0 = Release|Any CPU
	EndGlobalSection
	GlobalSection(SolutionProperties) = preSolution
		HideSolutionNode = FALSE
	EndGlobalSection
	GlobalSection(NestedProjects) = preSolution
		{7DB5A40F-F7E9-4C8B-91DB-27796B7C7272} = {C1052BF2-15AE-4716-8E33-EDC3224C5D8E}
		{86B298FC-166F-4EFF-B64A-88A027DB3998} = {C1052BF2-15AE-4716-8E33-EDC3224C5D8E}
		{8B9B1298-6002-4BF2-B4E0-CCAE89AB3C1A} = {C1052BF2-15AE-4716-8E33-EDC3224C5D8E}
		{59FD6C2D-C0F0-47A2-B72B-891F37EF38FF} = {0B003F58-87B5-454B-96E3-6842B642CD71}
		{44D21D6C-E371-4B4C-BD18-A09FBB75E576} = {6F183069-6F54-4874-B7A2-5CB859923C74}
		{B002DE0F-C624-44B4-A8A1-559CCB9169E5} = {C1052BF2-15AE-4716-8E33-EDC3224C5D8E}
	EndGlobalSection
	GlobalSection(ExtensibilityGlobals) = postSolution
		SolutionGuid = {3B59773D-8B77-4103-BC56-0B389FF4E0AE}
	EndGlobalSection
EndGlobal
